{
  "name": "3h-daemon",
  "version": "1.0.0",
  "lockfileVersion": 1,
  "requires": true,
  "dependencies": {
    "3h-log": {
      "version": "2.0.1",
      "resolved": "https://registry.npmjs.org/3h-log/-/3h-log-2.0.1.tgz",
      "integrity": "sha512-1fWG9yqOsgw1MbCW6pNoDOkOgwhZOGo5J74sGZHbrCIK7FRDclhrVoLtP7XWQplmtnRVG87IP7iOhJXi+l6bug=="
    },
    "@types/node": {
      "version": "9.4.6",
      "resolved": "https://registry.npmjs.org/@types/node/-/node-9.4.6.tgz",
      "integrity": "sha512-CTUtLb6WqCCgp6P59QintjHWqzf4VL1uPA27bipLAPxFqrtK1gEYllePzTICGqQ8rYsCbpnsNypXjjDzGAAjEQ==",
      "dev": true
    }
  }
}
