{
  "name": "3h-daemon",
  "version": "1.1.3",
  "lockfileVersion": 1,
  "requires": true,
  "dependencies": {
    "3h-cli": {
      "version": "1.4.4",
      "resolved": "https://registry.npmjs.org/3h-cli/-/3h-cli-1.4.4.tgz",
      "integrity": "sha512-4zM1cOLtW05vs69mw3P3IfT/aNMb8z/dQn6O4DXXC7irpazLBnPEMzftGpUPy+AqCuBd1noVstSTk1SzKKQg+A=="
    },
    "3h-log": {
      "version": "3.0.1",
      "resolved": "https://registry.npmjs.org/3h-log/-/3h-log-3.0.1.tgz",
      "integrity": "sha512-S9RB316wTZxh8F5dJy5qAKWqxQI68E8QfYUbtr+4I6F3CoTEN/pfQYxTJZ6f26LL7pR8BCgoHuH4H25CK7HO4g==",
      "requires": {
        "3h-time": "^0.1.5"
      }
    },
    "3h-time": {
      "version": "0.1.5",
      "resolved": "https://registry.npmjs.org/3h-time/-/3h-time-0.1.5.tgz",
      "integrity": "sha512-zLegmsU5UnDgT6AU6D5s03sI5MnYrdMOssTD+t1b0Fj7g/Q6Q++KSRR8Rr2YpHYwhhmKmFZ94QJvtw1F7IE9Xw=="
    },
    "@types/node": {
      "version": "10.5.1",
      "resolved": "https://registry.npmjs.org/@types/node/-/node-10.5.1.tgz",
      "integrity": "sha512-AFLl1IALIuyt6oK4AYZsgWVJ/5rnyzQWud7IebaZWWV3YmgtPZkQmYio9R5Ze/2pdd7XfqF5bP+hWS11mAKoOQ==",
      "dev": true
    }
  }
}
