{
  "name": "3h-daemon",
  "version": "1.1.1",
  "lockfileVersion": 1,
  "requires": true,
  "dependencies": {
    "3h-log": {
      "version": "2.0.2",
      "resolved": "https://registry.npmjs.org/3h-log/-/3h-log-2.0.2.tgz",
      "integrity": "sha512-oPAwTQGRRm3rsNPQILJdRF+vtq348/kHo7L9m64sdxpcZ7z8syKhfgqx6LxtBnC3OH7+E+lFgaor8FHD9lZaaw=="
    },
    "@types/node": {
      "version": "9.4.6",
      "resolved": "https://registry.npmjs.org/@types/node/-/node-9.4.6.tgz",
      "integrity": "sha512-CTUtLb6WqCCgp6P59QintjHWqzf4VL1uPA27bipLAPxFqrtK1gEYllePzTICGqQ8rYsCbpnsNypXjjDzGAAjEQ==",
      "dev": true
    }
  }
}
